
Microsoft Visual Studio Solution File, Format Version 12.00
# Visual Studio Version 17
VisualStudioVersion = 17.4.33403.182
MinimumVisualStudioVersion = 10.0.40219.1
Project("{FAE04EC0-301F-11D3-BF4B-00C04F79EFBC}") = "Calculate", "Calculate\Calculate.csproj", "{92DF5F8A-DE00-4E16-ABDA-72B9E7CBD5F4}"
EndProject
Project("{FAE04EC0-301F-11D3-BF4B-00C04F79EFBC}") = "Calculate.Tests", "Calculate.Tests\Calculate.Tests.csproj", "{077BE50E-2850-4765-AB99-8064C8A472F0}"
EndProject
Global
	GlobalSection(SolutionConfigurationPlatforms) = preSolution
		Debug|Any CPU = Debug|Any CPU
		Release|Any CPU = Release|Any CPU
	EndGlobalSection
	GlobalSection(ProjectConfigurationPlatforms) = postSolution
		{92DF5F8A-DE00-4E16-ABDA-72B9E7CBD5F4}.Debug|Any CPU.ActiveCfg = Debug|Any CPU
		{92DF5F8A-DE00-4E16-ABDA-72B9E7CBD5F4}.Debug|Any CPU.Build.0 = Debug|Any CPU
		{92DF5F8A-DE00-4E16-ABDA-72B9E7CBD5F4}.Release|Any CPU.ActiveCfg = Release|Any CPU
		{92DF5F8A-DE00-4E16-ABDA-72B9E7CBD5F4}.Release|Any CPU.Build.0 = Release|Any CPU
		{077BE50E-2850-4765-AB99-8064C8A472F0}.Debug|Any CPU.ActiveCfg = Debug|Any CPU
		{077BE50E-2850-4765-AB99-8064C8A472F0}.Debug|Any CPU.Build.0 = Debug|Any CPU
		{077BE50E-2850-4765-AB99-8064C8A472F0}.Release|Any CPU.ActiveCfg = Release|Any CPU
		{077BE50E-2850-4765-AB99-8064C8A472F0}.Release|Any CPU.Build.0 = Release|Any CPU
	EndGlobalSection
	GlobalSection(SolutionProperties) = preSolution
		HideSolutionNode = FALSE
	EndGlobalSection
	GlobalSection(ExtensibilityGlobals) = postSolution
		SolutionGuid = {0332C58C-E52F-4A71-B6C9-A56E9D829A10}
	EndGlobalSection
EndGlobal
